# THIS IS AN AUTOGENERATED FILE. DO NOT EDIT THIS FILE DIRECTLY.
# yarn lockfile v1


dayjs@^1.10.6:
  version "1.10.7"
  resolved "https://registry.yarnpkg.com/dayjs/-/dayjs-1.10.7.tgz#2cf5f91add28116748440866a0a1d26f3a6ce468"
  integrity sha512-P6twpd70BcPK34K26uJ1KT3wlhpuOAPoMwJzpsIWUxHZ7wpmbdZL/hQqBDfz7hGurYSa5PhzdhDHtt319hL3ig==

simple-datatables@^3.1.2:
  version "3.1.2"
  resolved "https://registry.yarnpkg.com/simple-datatables/-/simple-datatables-3.1.2.tgz#13b6763a068fb338e1827a07f5141d3b4d89cedc"
  integrity sha512-WRUKautqfJTZYwZRyx2YCd7MhUyx3SKnKcpdRZGbj1kljz4L8YTI51jnZNwLRYopb4jhCozxN/3F7/4KS273WA==
  dependencies:
    dayjs "^1.10.6"
